
Microsoft Visual Studio Solution File, Format Version 12.00
# Visual Studio Version 17
VisualStudioVersion = 17.3.32922.545
MinimumVisualStudioVersion = 10.0.40219.1
Project("{FAE04EC0-301F-11D3-BF4B-00C04F79EFBC}") = "称号插件", "称号插件\称号插件.csproj", "{CD240A2F-B944-4D5A-9611-B60FBB1819B2}"
EndProject
Global
	GlobalSection(SolutionConfigurationPlatforms) = preSolution
		Debug|Any CPU = Debug|Any CPU
		Release|Any CPU = Release|Any CPU
	EndGlobalSection
	GlobalSection(ProjectConfigurationPlatforms) = postSolution
		{CD240A2F-B944-4D5A-9611-B60FBB1819B2}.Debug|Any CPU.ActiveCfg = Debug|Any CPU
		{CD240A2F-B944-4D5A-9611-B60FBB1819B2}.Debug|Any CPU.Build.0 = Debug|Any CPU
		{CD240A2F-B944-4D5A-9611-B60FBB1819B2}.Release|Any CPU.ActiveCfg = Release|Any CPU
		{CD240A2F-B944-4D5A-9611-B60FBB1819B2}.Release|Any CPU.Build.0 = Release|Any CPU
	EndGlobalSection
	GlobalSection(SolutionProperties) = preSolution
		HideSolutionNode = FALSE
	EndGlobalSection
	GlobalSection(ExtensibilityGlobals) = postSolution
		SolutionGuid = {AF3AD6F2-B9CC-4621-80DC-34CE74B76648}
	EndGlobalSection
EndGlobal
